# images.lock
# Container image pins for the platform.
# RULE: digests are NEVER invented. Where a digest is unknown, it MUST be
# recorded as NOT_VERIFIED with verified: false. No fake SHA-256 values.
#
# Populate this file with real, verified digests only as images are actually
# pulled/mirrored into the approved internal registry during the relevant Gate.

baseline: "TR v4.0"
status: NOT_VERIFIED

# Field schema for every image entry:
#   component:         logical component name
#   image:             image path (without tag/digest)
#   tag:               version tag (from versions.lock where applicable)
#   digest:            sha256:... OR NOT_VERIFIED
#   source_registry:   upstream/public origin
#   internal_registry: approved internal mirror (TBD)
#   verified:          true only after digest confirmed on real infrastructure

images:
  - component: kube-vip
    image: ghcr.io/kube-vip/kube-vip
    tag: "v1.2.0"
    digest: "sha256:fe8c7b6641ba7633a12b337821e9e83a6456e8edc3434f97577058edd4eecaf6"
    source_registry: ghcr.io
    internal_registry: NOT_VERIFIED
    verified: true

  - component: calico-node
    image: quay.io/calico/node
    tag: "v3.32.0"
    digest: "sha256:f4fafd8ba641d96c5a91b01e5a519117d77d55dee789a3562ba3ad4aa125b36a"
    source_registry: quay.io
    internal_registry: NOT_VERIFIED
    verified: true

  - component: calico-cni
    image: quay.io/calico/cni
    tag: "v3.32.0"
    digest: "sha256:1cfc6aa9c4dad3575fdf36b78185fd7d68bcd4acc95778f8342be4fb6a851a14"
    source_registry: quay.io
    internal_registry: NOT_VERIFIED
    verified: true

  - component: calico-kube-controllers
    image: quay.io/calico/kube-controllers
    tag: "v3.32.0"
    digest: "sha256:adf0ac895796d21bca5383bc81c4cd2614be3a4308085b47857d7999f4cc2b1f"
    source_registry: quay.io
    internal_registry: NOT_VERIFIED
    verified: true
